
Microsoft Visual Studio Solution File, Format Version 12.00
# Visual Studio Version 17
VisualStudioVersion = 17.0.31903.59
MinimumVisualStudioVersion = 10.0.40219.1
Project("{2150E333-8FDC-42A3-9474-1A3956D46DE8}") = "src", "src", "{827E0CD3-B72D-47B6-A68D-7590B98EB39B}"
EndProject
Project("{FAE04EC0-301F-11D3-BF4B-00C04F79EFBC}") = "ImportComponent.Core", "src\ImportComponent.Core\ImportComponent.Core.csproj", "{7981588F-210A-4069-B99D-B4EBA13F01C8}"
EndProject
Project("{FAE04EC0-301F-11D3-BF4B-00C04F79EFBC}") = "ImportComponent.Readers", "src\ImportComponent.Readers\ImportComponent.Readers.csproj", "{1127D425-FB0F-453A-AE8F-044E07D4BF27}"
EndProject
Project("{FAE04EC0-301F-11D3-BF4B-00C04F79EFBC}") = "ImportComponent.DAL", "src\ImportComponent.DAL\ImportComponent.DAL.csproj", "{EF333F53-C2D2-4455-91C2-817AA6E44425}"
EndProject
Project("{FAE04EC0-301F-11D3-BF4B-00C04F79EFBC}") = "ImportComponent.BLL", "src\ImportComponent.BLL\ImportComponent.BLL.csproj", "{06E40436-B621-4BBE-892E-42EC069DD7DD}"
EndProject
Project("{FAE04EC0-301F-11D3-BF4B-00C04F79EFBC}") = "ImportComponent.Api", "src\ImportComponent.Api\ImportComponent.Api.csproj", "{BCB8EC1D-87B1-4F3C-867C-535C40A96C44}"
EndProject
Project("{FAE04EC0-301F-11D3-BF4B-00C04F79EFBC}") = "ImportComponent.UI.WinForms", "src\ImportComponent.UI.WinForms\ImportComponent.UI.WinForms.csproj", "{90ABED9F-040F-486D-BBAF-96676B91A612}"
EndProject
Global
	GlobalSection(SolutionConfigurationPlatforms) = preSolution
		Debug|Any CPU = Debug|Any CPU
		Debug|x64 = Debug|x64
		Debug|x86 = Debug|x86
		Release|Any CPU = Release|Any CPU
		Release|x64 = Release|x64
		Release|x86 = Release|x86
	EndGlobalSection
	GlobalSection(ProjectConfigurationPlatforms) = postSolution
		{7981588F-210A-4069-B99D-B4EBA13F01C8}.Debug|Any CPU.ActiveCfg = Debug|Any CPU
		{7981588F-210A-4069-B99D-B4EBA13F01C8}.Debug|Any CPU.Build.0 = Debug|Any CPU
		{7981588F-210A-4069-B99D-B4EBA13F01C8}.Debug|x64.ActiveCfg = Debug|Any CPU
		{7981588F-210A-4069-B99D-B4EBA13F01C8}.Debug|x64.Build.0 = Debug|Any CPU
		{7981588F-210A-4069-B99D-B4EBA13F01C8}.Debug|x86.ActiveCfg = Debug|Any CPU
		{7981588F-210A-4069-B99D-B4EBA13F01C8}.Debug|x86.Build.0 = Debug|Any CPU
		{7981588F-210A-4069-B99D-B4EBA13F01C8}.Release|Any CPU.ActiveCfg = Release|Any CPU
		{7981588F-210A-4069-B99D-B4EBA13F01C8}.Release|Any CPU.Build.0 = Release|Any CPU
		{7981588F-210A-4069-B99D-B4EBA13F01C8}.Release|x64.ActiveCfg = Release|Any CPU
		{7981588F-210A-4069-B99D-B4EBA13F01C8}.Release|x64.Build.0 = Release|Any CPU
		{7981588F-210A-4069-B99D-B4EBA13F01C8}.Release|x86.ActiveCfg = Release|Any CPU
		{7981588F-210A-4069-B99D-B4EBA13F01C8}.Release|x86.Build.0 = Release|Any CPU
		{1127D425-FB0F-453A-AE8F-044E07D4BF27}.Debug|Any CPU.ActiveCfg = Debug|Any CPU
		{1127D425-FB0F-453A-AE8F-044E07D4BF27}.Debug|Any CPU.Build.0 = Debug|Any CPU
		{1127D425-FB0F-453A-AE8F-044E07D4BF27}.Debug|x64.ActiveCfg = Debug|Any CPU
		{1127D425-FB0F-453A-AE8F-044E07D4BF27}.Debug|x64.Build.0 = Debug|Any CPU
		{1127D425-FB0F-453A-AE8F-044E07D4BF27}.Debug|x86.ActiveCfg = Debug|Any CPU
		{1127D425-FB0F-453A-AE8F-044E07D4BF27}.Debug|x86.Build.0 = Debug|Any CPU
		{1127D425-FB0F-453A-AE8F-044E07D4BF27}.Release|Any CPU.ActiveCfg = Release|Any CPU
		{1127D425-FB0F-453A-AE8F-044E07D4BF27}.Release|Any CPU.Build.0 = Release|Any CPU
		{1127D425-FB0F-453A-AE8F-044E07D4BF27}.Release|x64.ActiveCfg = Release|Any CPU
		{1127D425-FB0F-453A-AE8F-044E07D4BF27}.Release|x64.Build.0 = Release|Any CPU
		{1127D425-FB0F-453A-AE8F-044E07D4BF27}.Release|x86.ActiveCfg = Release|Any CPU
		{1127D425-FB0F-453A-AE8F-044E07D4BF27}.Release|x86.Build.0 = Release|Any CPU
		{EF333F53-C2D2-4455-91C2-817AA6E44425}.Debug|Any CPU.ActiveCfg = Debug|Any CPU
		{EF333F53-C2D2-4455-91C2-817AA6E44425}.Debug|Any CPU.Build.0 = Debug|Any CPU
		{EF333F53-C2D2-4455-91C2-817AA6E44425}.Debug|x64.ActiveCfg = Debug|Any CPU
		{EF333F53-C2D2-4455-91C2-817AA6E44425}.Debug|x64.Build.0 = Debug|Any CPU
		{EF333F53-C2D2-4455-91C2-817AA6E44425}.Debug|x86.ActiveCfg = Debug|Any CPU
		{EF333F53-C2D2-4455-91C2-817AA6E44425}.Debug|x86.Build.0 = Debug|Any CPU
		{EF333F53-C2D2-4455-91C2-817AA6E44425}.Release|Any CPU.ActiveCfg = Release|Any CPU
		{EF333F53-C2D2-4455-91C2-817AA6E44425}.Release|Any CPU.Build.0 = Release|Any CPU
		{EF333F53-C2D2-4455-91C2-817AA6E44425}.Release|x64.ActiveCfg = Release|Any CPU
		{EF333F53-C2D2-4455-91C2-817AA6E44425}.Release|x64.Build.0 = Release|Any CPU
		{EF333F53-C2D2-4455-91C2-817AA6E44425}.Release|x86.ActiveCfg = Release|Any CPU
		{EF333F53-C2D2-4455-91C2-817AA6E44425}.Release|x86.Build.0 = Release|Any CPU
		{06E40436-B621-4BBE-892E-42EC069DD7DD}.Debug|Any CPU.ActiveCfg = Debug|Any CPU
		{06E40436-B621-4BBE-892E-42EC069DD7DD}.Debug|Any CPU.Build.0 = Debug|Any CPU
		{06E40436-B621-4BBE-892E-42EC069DD7DD}.Debug|x64.ActiveCfg = Debug|Any CPU
		{06E40436-B621-4BBE-892E-42EC069DD7DD}.Debug|x64.Build.0 = Debug|Any CPU
		{06E40436-B621-4BBE-892E-42EC069DD7DD}.Debug|x86.ActiveCfg = Debug|Any CPU
		{06E40436-B621-4BBE-892E-42EC069DD7DD}.Debug|x86.Build.0 = Debug|Any CPU
		{06E40436-B621-4BBE-892E-42EC069DD7DD}.Release|Any CPU.ActiveCfg = Release|Any CPU
		{06E40436-B621-4BBE-892E-42EC069DD7DD}.Release|Any CPU.Build.0 = Release|Any CPU
		{06E40436-B621-4BBE-892E-42EC069DD7DD}.Release|x64.ActiveCfg = Release|Any CPU
		{06E40436-B621-4BBE-892E-42EC069DD7DD}.Release|x64.Build.0 = Release|Any CPU
		{06E40436-B621-4BBE-892E-42EC069DD7DD}.Release|x86.ActiveCfg = Release|Any CPU
		{06E40436-B621-4BBE-892E-42EC069DD7DD}.Release|x86.Build.0 = Release|Any CPU
		{BCB8EC1D-87B1-4F3C-867C-535C40A96C44}.Debug|Any CPU.ActiveCfg = Debug|Any CPU
		{BCB8EC1D-87B1-4F3C-867C-535C40A96C44}.Debug|Any CPU.Build.0 = Debug|Any CPU
		{BCB8EC1D-87B1-4F3C-867C-535C40A96C44}.Debug|x64.ActiveCfg = Debug|Any CPU
		{BCB8EC1D-87B1-4F3C-867C-535C40A96C44}.Debug|x64.Build.0 = Debug|Any CPU
		{BCB8EC1D-87B1-4F3C-867C-535C40A96C44}.Debug|x86.ActiveCfg = Debug|Any CPU
		{BCB8EC1D-87B1-4F3C-867C-535C40A96C44}.Debug|x86.Build.0 = Debug|Any CPU
		{BCB8EC1D-87B1-4F3C-867C-535C40A96C44}.Release|Any CPU.ActiveCfg = Release|Any CPU
		{BCB8EC1D-87B1-4F3C-867C-535C40A96C44}.Release|Any CPU.Build.0 = Release|Any CPU
		{BCB8EC1D-87B1-4F3C-867C-535C40A96C44}.Release|x64.ActiveCfg = Release|Any CPU
		{BCB8EC1D-87B1-4F3C-867C-535C40A96C44}.Release|x64.Build.0 = Release|Any CPU
		{BCB8EC1D-87B1-4F3C-867C-535C40A96C44}.Release|x86.ActiveCfg = Release|Any CPU
		{BCB8EC1D-87B1-4F3C-867C-535C40A96C44}.Release|x86.Build.0 = Release|Any CPU
		{90ABED9F-040F-486D-BBAF-96676B91A612}.Debug|Any CPU.ActiveCfg = Debug|Any CPU
		{90ABED9F-040F-486D-BBAF-96676B91A612}.Debug|Any CPU.Build.0 = Debug|Any CPU
		{90ABED9F-040F-486D-BBAF-96676B91A612}.Debug|x64.ActiveCfg = Debug|Any CPU
		{90ABED9F-040F-486D-BBAF-96676B91A612}.Debug|x64.Build.0 = Debug|Any CPU
		{90ABED9F-040F-486D-BBAF-96676B91A612}.Debug|x86.ActiveCfg = Debug|Any CPU
		{90ABED9F-040F-486D-BBAF-96676B91A612}.Debug|x86.Build.0 = Debug|Any CPU
		{90ABED9F-040F-486D-BBAF-96676B91A612}.Release|Any CPU.ActiveCfg = Release|Any CPU
		{90ABED9F-040F-486D-BBAF-96676B91A612}.Release|Any CPU.Build.0 = Release|Any CPU
		{90ABED9F-040F-486D-BBAF-96676B91A612}.Release|x64.ActiveCfg = Release|Any CPU
		{90ABED9F-040F-486D-BBAF-96676B91A612}.Release|x64.Build.0 = Release|Any CPU
		{90ABED9F-040F-486D-BBAF-96676B91A612}.Release|x86.ActiveCfg = Release|Any CPU
		{90ABED9F-040F-486D-BBAF-96676B91A612}.Release|x86.Build.0 = Release|Any CPU
	EndGlobalSection
	GlobalSection(SolutionProperties) = preSolution
		HideSolutionNode = FALSE
	EndGlobalSection
	GlobalSection(NestedProjects) = preSolution
		{7981588F-210A-4069-B99D-B4EBA13F01C8} = {827E0CD3-B72D-47B6-A68D-7590B98EB39B}
		{1127D425-FB0F-453A-AE8F-044E07D4BF27} = {827E0CD3-B72D-47B6-A68D-7590B98EB39B}
		{EF333F53-C2D2-4455-91C2-817AA6E44425} = {827E0CD3-B72D-47B6-A68D-7590B98EB39B}
		{06E40436-B621-4BBE-892E-42EC069DD7DD} = {827E0CD3-B72D-47B6-A68D-7590B98EB39B}
		{BCB8EC1D-87B1-4F3C-867C-535C40A96C44} = {827E0CD3-B72D-47B6-A68D-7590B98EB39B}
		{90ABED9F-040F-486D-BBAF-96676B91A612} = {827E0CD3-B72D-47B6-A68D-7590B98EB39B}
	EndGlobalSection
EndGlobal
